
Microsoft Visual Studio Solution File, Format Version 12.00
# Visual Studio 15
VisualStudioVersion = 15.0.27130.2036
MinimumVisualStudioVersion = 10.0.40219.1
Project("{9A19103F-16F7-4668-BE54-9A1E7A4F7556}") = "Vortex", "src\Vortex\Vortex.csproj", "{2CC14F42-9F27-4E1A-AA4E-DBFDBE43BA45}"
EndProject
Project("{9A19103F-16F7-4668-BE54-9A1E7A4F7556}") = "Vortex.Tests", "test\Vortex.Tests\Vortex.Tests.csproj", "{38B877C1-D2BE-46F4-91BB-63536B00D488}"
EndProject
Project("{9A19103F-16F7-4668-BE54-9A1E7A4F7556}") = "Vortex.IntegrationTests", "test\Vortex.IntegrationTests\Vortex.IntegrationTests.csproj", "{0DD38A69-5BB6-4E7F-8331-2D85B341E1F4}"
EndProject
Project("{2150E333-8FDC-42A3-9474-1A3956D46DE8}") = "src", "src", "{47415767-F5D0-4BD0-959D-938E3662D252}"
EndProject
Project("{2150E333-8FDC-42A3-9474-1A3956D46DE8}") = "test", "test", "{D4C3E7D0-D76A-4EBA-A6FA-71E2891E0B17}"
EndProject
Project("{9A19103F-16F7-4668-BE54-9A1E7A4F7556}") = "Vortex.Saturn", "src\Vortex.Saturn\Vortex.Saturn.csproj", "{CB48C6DD-D1AF-4261-954E-82DCB3C4E161}"
EndProject
Project("{9A19103F-16F7-4668-BE54-9A1E7A4F7556}") = "Vortex.Saturn.Data.EFCore", "src\Vortex.Saturn.Data.EFCore\Vortex.Saturn.Data.EFCore.csproj", "{2CB0266D-3DFD-4543-BEE9-D8C41E6F7F4D}"
EndProject
Project("{9A19103F-16F7-4668-BE54-9A1E7A4F7556}") = "Vortex.Saturn.Data.MongoDB", "src\Vortex.Saturn.Data.MongoDB\Vortex.Saturn.Data.MongoDB.csproj", "{655E650A-FB76-456C-912E-A9D2D0354F7A}"
EndProject
Project("{9A19103F-16F7-4668-BE54-9A1E7A4F7556}") = "Vortex.Saturn.Files.Azure", "src\Vortex.Saturn.Files.Azure\Vortex.Saturn.Files.Azure.csproj", "{8A5F8377-0664-4825-AC01-6769F7F95791}"
EndProject
Project("{9A19103F-16F7-4668-BE54-9A1E7A4F7556}") = "Vortex.Saturn.Data.EFCore.FunctionalTests", "test\Vortex.Saturn.Data.EFCore.FunctionalTests\Vortex.Saturn.Data.EFCore.FunctionalTests.csproj", "{274BC54E-AD6B-48FC-83C7-B9607B4913C1}"
EndProject
Project("{9A19103F-16F7-4668-BE54-9A1E7A4F7556}") = "Vortex.Saturn.Data.MongoDB.FunctionalTests", "test\Vortex.Saturn.Data.MongoDB.FunctionalTests\Vortex.Saturn.Data.MongoDB.FunctionalTests.csproj", "{906AADF6-5FA7-4E44-8028-F4D1BE100066}"
EndProject
Project("{9A19103F-16F7-4668-BE54-9A1E7A4F7556}") = "Vortex.Saturn.Files.Azure.FunctionalTests", "test\Vortex.Saturn.Files.Azure.FunctionalTests\Vortex.Saturn.Files.Azure.FunctionalTests.csproj", "{E196C8B1-517C-448D-9B4C-C2C80B3BA35C}"
EndProject
Project("{9A19103F-16F7-4668-BE54-9A1E7A4F7556}") = "Vortex.Saturn.Files.Local.FunctionalTests", "test\Vortex.Saturn.Files.Local.FunctionalTests\Vortex.Saturn.Files.Local.FunctionalTests.csproj", "{D7C33B1C-4D06-4B66-BE08-D5190651ED1B}"
EndProject
Project("{9A19103F-16F7-4668-BE54-9A1E7A4F7556}") = "Vortex.Saturn.Files.Local", "src\Vortex.Saturn.Files.Local\Vortex.Saturn.Files.Local.csproj", "{E0C372B1-B2E0-4FBD-AC72-17EB84F2D500}"
EndProject
Project("{9A19103F-16F7-4668-BE54-9A1E7A4F7556}") = "Vortex.Saturn.Services.TestingShared", "test\Vortex.Saturn.Services.TestingShared\Vortex.Saturn.Services.TestingShared.csproj", "{92509601-E7BC-4E74-B59D-962895AE690E}"
EndProject
Project("{FAE04EC0-301F-11D3-BF4B-00C04F79EFBC}") = "Vortex.Saturn.Tests", "test\Vortex.Saturn.Tests\Vortex.Saturn.Tests.csproj", "{65AA0D8C-123C-448C-B7E0-FF2F4F32F355}"
EndProject
Project("{2150E333-8FDC-42A3-9474-1A3956D46DE8}") = "Solution Items", "Solution Items", "{AE862BF7-30AE-45AE-8000-4B96CB6406EA}"
	ProjectSection(SolutionItems) = preProject
		.travis.yml = .travis.yml
	EndProjectSection
EndProject
Global
	GlobalSection(SolutionConfigurationPlatforms) = preSolution
		Debug|Any CPU = Debug|Any CPU
		Release|Any CPU = Release|Any CPU
	EndGlobalSection
	GlobalSection(ProjectConfigurationPlatforms) = postSolution
		{2CC14F42-9F27-4E1A-AA4E-DBFDBE43BA45}.Debug|Any CPU.ActiveCfg = Debug|Any CPU
		{2CC14F42-9F27-4E1A-AA4E-DBFDBE43BA45}.Debug|Any CPU.Build.0 = Debug|Any CPU
		{2CC14F42-9F27-4E1A-AA4E-DBFDBE43BA45}.Release|Any CPU.ActiveCfg = Release|Any CPU
		{2CC14F42-9F27-4E1A-AA4E-DBFDBE43BA45}.Release|Any CPU.Build.0 = Release|Any CPU
		{38B877C1-D2BE-46F4-91BB-63536B00D488}.Debug|Any CPU.ActiveCfg = Debug|Any CPU
		{38B877C1-D2BE-46F4-91BB-63536B00D488}.Debug|Any CPU.Build.0 = Debug|Any CPU
		{38B877C1-D2BE-46F4-91BB-63536B00D488}.Release|Any CPU.ActiveCfg = Release|Any CPU
		{38B877C1-D2BE-46F4-91BB-63536B00D488}.Release|Any CPU.Build.0 = Release|Any CPU
		{0DD38A69-5BB6-4E7F-8331-2D85B341E1F4}.Debug|Any CPU.ActiveCfg = Debug|Any CPU
		{0DD38A69-5BB6-4E7F-8331-2D85B341E1F4}.Debug|Any CPU.Build.0 = Debug|Any CPU
		{0DD38A69-5BB6-4E7F-8331-2D85B341E1F4}.Release|Any CPU.ActiveCfg = Release|Any CPU
		{0DD38A69-5BB6-4E7F-8331-2D85B341E1F4}.Release|Any CPU.Build.0 = Release|Any CPU
		{CB48C6DD-D1AF-4261-954E-82DCB3C4E161}.Debug|Any CPU.ActiveCfg = Debug|Any CPU
		{CB48C6DD-D1AF-4261-954E-82DCB3C4E161}.Debug|Any CPU.Build.0 = Debug|Any CPU
		{CB48C6DD-D1AF-4261-954E-82DCB3C4E161}.Release|Any CPU.ActiveCfg = Release|Any CPU
		{CB48C6DD-D1AF-4261-954E-82DCB3C4E161}.Release|Any CPU.Build.0 = Release|Any CPU
		{2CB0266D-3DFD-4543-BEE9-D8C41E6F7F4D}.Debug|Any CPU.ActiveCfg = Debug|Any CPU
		{2CB0266D-3DFD-4543-BEE9-D8C41E6F7F4D}.Debug|Any CPU.Build.0 = Debug|Any CPU
		{2CB0266D-3DFD-4543-BEE9-D8C41E6F7F4D}.Release|Any CPU.ActiveCfg = Release|Any CPU
		{2CB0266D-3DFD-4543-BEE9-D8C41E6F7F4D}.Release|Any CPU.Build.0 = Release|Any CPU
		{655E650A-FB76-456C-912E-A9D2D0354F7A}.Debug|Any CPU.ActiveCfg = Debug|Any CPU
		{655E650A-FB76-456C-912E-A9D2D0354F7A}.Debug|Any CPU.Build.0 = Debug|Any CPU
		{655E650A-FB76-456C-912E-A9D2D0354F7A}.Release|Any CPU.ActiveCfg = Release|Any CPU
		{655E650A-FB76-456C-912E-A9D2D0354F7A}.Release|Any CPU.Build.0 = Release|Any CPU
		{8A5F8377-0664-4825-AC01-6769F7F95791}.Debug|Any CPU.ActiveCfg = Debug|Any CPU
		{8A5F8377-0664-4825-AC01-6769F7F95791}.Debug|Any CPU.Build.0 = Debug|Any CPU
		{8A5F8377-0664-4825-AC01-6769F7F95791}.Release|Any CPU.ActiveCfg = Release|Any CPU
		{8A5F8377-0664-4825-AC01-6769F7F95791}.Release|Any CPU.Build.0 = Release|Any CPU
		{274BC54E-AD6B-48FC-83C7-B9607B4913C1}.Debug|Any CPU.ActiveCfg = Debug|Any CPU
		{274BC54E-AD6B-48FC-83C7-B9607B4913C1}.Debug|Any CPU.Build.0 = Debug|Any CPU
		{274BC54E-AD6B-48FC-83C7-B9607B4913C1}.Release|Any CPU.ActiveCfg = Release|Any CPU
		{274BC54E-AD6B-48FC-83C7-B9607B4913C1}.Release|Any CPU.Build.0 = Release|Any CPU
		{906AADF6-5FA7-4E44-8028-F4D1BE100066}.Debug|Any CPU.ActiveCfg = Debug|Any CPU
		{906AADF6-5FA7-4E44-8028-F4D1BE100066}.Debug|Any CPU.Build.0 = Debug|Any CPU
		{906AADF6-5FA7-4E44-8028-F4D1BE100066}.Release|Any CPU.ActiveCfg = Release|Any CPU
		{906AADF6-5FA7-4E44-8028-F4D1BE100066}.Release|Any CPU.Build.0 = Release|Any CPU
		{E196C8B1-517C-448D-9B4C-C2C80B3BA35C}.Debug|Any CPU.ActiveCfg = Debug|Any CPU
		{E196C8B1-517C-448D-9B4C-C2C80B3BA35C}.Debug|Any CPU.Build.0 = Debug|Any CPU
		{E196C8B1-517C-448D-9B4C-C2C80B3BA35C}.Release|Any CPU.ActiveCfg = Release|Any CPU
		{E196C8B1-517C-448D-9B4C-C2C80B3BA35C}.Release|Any CPU.Build.0 = Release|Any CPU
		{D7C33B1C-4D06-4B66-BE08-D5190651ED1B}.Debug|Any CPU.ActiveCfg = Debug|Any CPU
		{D7C33B1C-4D06-4B66-BE08-D5190651ED1B}.Debug|Any CPU.Build.0 = Debug|Any CPU
		{D7C33B1C-4D06-4B66-BE08-D5190651ED1B}.Release|Any CPU.ActiveCfg = Release|Any CPU
		{D7C33B1C-4D06-4B66-BE08-D5190651ED1B}.Release|Any CPU.Build.0 = Release|Any CPU
		{E0C372B1-B2E0-4FBD-AC72-17EB84F2D500}.Debug|Any CPU.ActiveCfg = Debug|Any CPU
		{E0C372B1-B2E0-4FBD-AC72-17EB84F2D500}.Debug|Any CPU.Build.0 = Debug|Any CPU
		{E0C372B1-B2E0-4FBD-AC72-17EB84F2D500}.Release|Any CPU.ActiveCfg = Release|Any CPU
		{E0C372B1-B2E0-4FBD-AC72-17EB84F2D500}.Release|Any CPU.Build.0 = Release|Any CPU
		{92509601-E7BC-4E74-B59D-962895AE690E}.Debug|Any CPU.ActiveCfg = Debug|Any CPU
		{92509601-E7BC-4E74-B59D-962895AE690E}.Debug|Any CPU.Build.0 = Debug|Any CPU
		{92509601-E7BC-4E74-B59D-962895AE690E}.Release|Any CPU.ActiveCfg = Release|Any CPU
		{92509601-E7BC-4E74-B59D-962895AE690E}.Release|Any CPU.Build.0 = Release|Any CPU
		{65AA0D8C-123C-448C-B7E0-FF2F4F32F355}.Debug|Any CPU.ActiveCfg = Debug|Any CPU
		{65AA0D8C-123C-448C-B7E0-FF2F4F32F355}.Debug|Any CPU.Build.0 = Debug|Any CPU
		{65AA0D8C-123C-448C-B7E0-FF2F4F32F355}.Release|Any CPU.ActiveCfg = Release|Any CPU
		{65AA0D8C-123C-448C-B7E0-FF2F4F32F355}.Release|Any CPU.Build.0 = Release|Any CPU
	EndGlobalSection
	GlobalSection(SolutionProperties) = preSolution
		HideSolutionNode = FALSE
	EndGlobalSection
	GlobalSection(NestedProjects) = preSolution
		{2CC14F42-9F27-4E1A-AA4E-DBFDBE43BA45} = {47415767-F5D0-4BD0-959D-938E3662D252}
		{38B877C1-D2BE-46F4-91BB-63536B00D488} = {D4C3E7D0-D76A-4EBA-A6FA-71E2891E0B17}
		{0DD38A69-5BB6-4E7F-8331-2D85B341E1F4} = {D4C3E7D0-D76A-4EBA-A6FA-71E2891E0B17}
		{CB48C6DD-D1AF-4261-954E-82DCB3C4E161} = {47415767-F5D0-4BD0-959D-938E3662D252}
		{2CB0266D-3DFD-4543-BEE9-D8C41E6F7F4D} = {47415767-F5D0-4BD0-959D-938E3662D252}
		{655E650A-FB76-456C-912E-A9D2D0354F7A} = {47415767-F5D0-4BD0-959D-938E3662D252}
		{8A5F8377-0664-4825-AC01-6769F7F95791} = {47415767-F5D0-4BD0-959D-938E3662D252}
		{274BC54E-AD6B-48FC-83C7-B9607B4913C1} = {D4C3E7D0-D76A-4EBA-A6FA-71E2891E0B17}
		{906AADF6-5FA7-4E44-8028-F4D1BE100066} = {D4C3E7D0-D76A-4EBA-A6FA-71E2891E0B17}
		{E196C8B1-517C-448D-9B4C-C2C80B3BA35C} = {D4C3E7D0-D76A-4EBA-A6FA-71E2891E0B17}
		{D7C33B1C-4D06-4B66-BE08-D5190651ED1B} = {D4C3E7D0-D76A-4EBA-A6FA-71E2891E0B17}
		{E0C372B1-B2E0-4FBD-AC72-17EB84F2D500} = {47415767-F5D0-4BD0-959D-938E3662D252}
		{92509601-E7BC-4E74-B59D-962895AE690E} = {D4C3E7D0-D76A-4EBA-A6FA-71E2891E0B17}
		{65AA0D8C-123C-448C-B7E0-FF2F4F32F355} = {D4C3E7D0-D76A-4EBA-A6FA-71E2891E0B17}
	EndGlobalSection
	GlobalSection(ExtensibilityGlobals) = postSolution
		SolutionGuid = {74E8512C-925F-4C3C-81F4-E175984EBDC9}
	EndGlobalSection
EndGlobal
